{
    "_readme": [
        "This file locks the dependencies of your project to a known state",
        "Read more about it at http://getcomposer.org/doc/01-basic-usage.md#composer-lock-the-lock-file",
        "This file is @generated automatically"
    ],
    "hash": "963de9d42e47390c48fd5c077268f24a",
    "packages": [],
    "packages-dev": [
        {
            "name": "simplyadmire/composer-plugins",
            "version": "1.0.2",
            "source": {
                "type": "git",
                "url": "https://github.com/SimplyAdmire/ComposerPlugins.git",
                "reference": "f26dc6a96ba24f2b050161be28cb406eb8844430"
            },
            "dist": {
                "type": "zip",
                "url": "https://api.github.com/repos/SimplyAdmire/ComposerPlugins/zipball/f26dc6a96ba24f2b050161be28cb406eb8844430",
                "reference": "f26dc6a96ba24f2b050161be28cb406eb8844430",
                "shasum": ""
            },
            "require": {
                "composer-plugin-api": "1.0.0",
                "squizlabs/php_codesniffer": "*"
            },
            "type": "composer-plugin",
            "extra": {
                "class": [
                    "SimplyAdmire\\ComposerPlugins\\PhpCodesnifferStandardInstallerPlugin"
                ]
            },
            "autoload": {
                "psr-0": {
                    "SimplyAdmire\\ComposerPlugins": ""
                }
            },
            "notification-url": "https://packagist.org/downloads/",
            "license": [
                "LGPL-3.0+"
            ],
            "authors": [
                {
                    "name": "Rens Admiraal",
                    "email": "rens@simplyadmire.com",
                    "role": "lead"
                }
            ],
            "description": "Composer plugin for installing PHP_CodeSniffer standards",
            "keywords": [
                "PHP_CodeSniffer",
                "TYPO3 CMS",
                "TYPO3 Flow",
                "TYPO3 Neos",
                "phpcs",
                "standards",
                "typo3"
            ],
            "time": "2014-07-25 11:48:26"
        },
        {
            "name": "squizlabs/php_codesniffer",
            "version": "1.5.4",
            "source": {
                "type": "git",
                "url": "https://github.com/squizlabs/PHP_CodeSniffer.git",
                "reference": "4097e2c106e4a32bc234ae880e5585a19137e435"
            },
            "dist": {
                "type": "zip",
                "url": "https://api.github.com/repos/squizlabs/PHP_CodeSniffer/zipball/4097e2c106e4a32bc234ae880e5585a19137e435",
                "reference": "4097e2c106e4a32bc234ae880e5585a19137e435",
                "shasum": ""
            },
            "require": {
                "ext-tokenizer": "*",
                "php": ">=5.1.2"
            },
            "suggest": {
                "phpunit/php-timer": "dev-master"
            },
            "bin": [
                "scripts/phpcs"
            ],
            "type": "library",
            "extra": {
                "branch-alias": {
                    "dev-phpcs-fixer": "2.0.x-dev"
                }
            },
            "autoload": {
                "classmap": [
                    "CodeSniffer.php",
                    "CodeSniffer/CLI.php",
                    "CodeSniffer/Exception.php",
                    "CodeSniffer/File.php",
                    "CodeSniffer/Report.php",
                    "CodeSniffer/Reporting.php",
                    "CodeSniffer/Sniff.php",
                    "CodeSniffer/Tokens.php",
                    "CodeSniffer/Reports/",
                    "CodeSniffer/CommentParser/",
                    "CodeSniffer/Tokenizers/",
                    "CodeSniffer/DocGenerators/",
                    "CodeSniffer/Standards/AbstractPatternSniff.php",
                    "CodeSniffer/Standards/AbstractScopeSniff.php",
                    "CodeSniffer/Standards/AbstractVariableSniff.php",
                    "CodeSniffer/Standards/IncorrectPatternException.php",
                    "CodeSniffer/Standards/Generic/Sniffs/",
                    "CodeSniffer/Standards/MySource/Sniffs/",
                    "CodeSniffer/Standards/PEAR/Sniffs/",
                    "CodeSniffer/Standards/PSR1/Sniffs/",
                    "CodeSniffer/Standards/PSR2/Sniffs/",
                    "CodeSniffer/Standards/Squiz/Sniffs/",
                    "CodeSniffer/Standards/Zend/Sniffs/"
                ]
            },
            "notification-url": "https://packagist.org/downloads/",
            "license": [
                "BSD-3-Clause"
            ],
            "authors": [
                {
                    "name": "Greg Sherwood",
                    "role": "lead"
                }
            ],
            "description": "PHP_CodeSniffer tokenises PHP, JavaScript and CSS files and detects violations of a defined set of coding standards.",
            "homepage": "http://www.squizlabs.com/php-codesniffer",
            "keywords": [
                "phpcs",
                "standards"
            ],
            "time": "2014-08-05 23:54:05"
        },
        {
            "name": "typo3-ci/typo3cms",
            "version": "dev-master",
            "source": {
                "type": "git",
                "url": "https://github.com/typo3-ci/TYPO3CMS.git",
                "reference": "f5fdb1caadff451a329fc3fc4ccc7e57a2235009"
            },
            "dist": {
                "type": "zip",
                "url": "https://api.github.com/repos/typo3-ci/TYPO3CMS/zipball/f5fdb1caadff451a329fc3fc4ccc7e57a2235009",
                "reference": "f5fdb1caadff451a329fc3fc4ccc7e57a2235009",
                "shasum": ""
            },
            "require": {
                "typo3-ci/typo3sniffpool": ">=1.0.0"
            },
            "require-dev": {
                "simplyadmire/composer-plugins": "*",
                "typo3-ci/typo3sniffpool": "dev-develop"
            },
            "suggest": {
                "typo3-ci/typo3flow": ">=0.0.3"
            },
            "type": "phpcodesniffer-standard",
            "notification-url": "https://packagist.org/downloads/",
            "license": [
                "GPL-2.0"
            ],
            "authors": [
                {
                    "name": "Stefano Kowalke",
                    "email": "blueduck@gmx.net",
                    "role": "lead"
                },
                {
                    "name": "Andy Grunwald",
                    "email": "andygrunwald@gmail.com",
                    "role": "lead"
                }
            ],
            "description": "This package contains a selection of sniffs which implements the Coding Guidelines for TYPO3CMS which was former known as TYPO3.",
            "homepage": "https://github.com/typo3-ci/TYPO3CMS",
            "keywords": [
                "cms",
                "codesniffer",
                "coding guidelines",
                "phpcs",
                "quality assurance",
                "standards",
                "typo3"
            ],
            "time": "2014-09-13 20:28:09"
        },
        {
            "name": "typo3-ci/typo3sniffpool",
            "version": "1.0.0",
            "source": {
                "type": "git",
                "url": "https://github.com/typo3-ci/TYPO3SniffPool.git",
                "reference": "75e785b425fd955044193d7813c397353f2296e7"
            },
            "dist": {
                "type": "zip",
                "url": "https://api.github.com/repos/typo3-ci/TYPO3SniffPool/zipball/75e785b425fd955044193d7813c397353f2296e7",
                "reference": "75e785b425fd955044193d7813c397353f2296e7",
                "shasum": ""
            },
            "require": {
                "php": ">=5.2.1",
                "simplyadmire/composer-plugins": "*",
                "squizlabs/php_codesniffer": "1.*"
            },
            "replace": {
                "typo3/codesniffer": "*"
            },
            "require-dev": {
                "phpunit/phpunit": "4.1.*"
            },
            "suggest": {
                "typo3-ci/typo3cms": "*",
                "typo3-ci/typo3flow": "*"
            },
            "type": "phpcodesniffer-standard",
            "autoload": {
                "classmap": [
                    "Sniffs/"
                ]
            },
            "notification-url": "https://packagist.org/downloads/",
            "license": [
                "GPL-2.0"
            ],
            "authors": [
                {
                    "name": "Stefano Kowalke",
                    "email": "blueduck@gmx.net",
                    "role": "lead"
                },
                {
                    "name": "Andy Grunwald",
                    "email": "andygrunwald@gmail.com",
                    "role": "lead"
                }
            ],
            "description": "This repository contains custom sniffs which are compatible with the PHP_CodeSniffer. Understand this package as a sniff pool. It contains all custom sniffs for the TYPO3 project.",
            "homepage": "http://forge.typo3.org/projects/show/team-php_codesniffer",
            "keywords": [
                "codesniffer",
                "coding guidelines",
                "phpcs",
                "quality assurance",
                "standards",
                "typo3"
            ],
            "time": "2014-09-03 19:58:10"
        }
    ],
    "aliases": [],
    "minimum-stability": "alpha",
    "stability-flags": {
        "typo3-ci/typo3cms": 20
    },
    "prefer-stable": false,
    "platform": {
        "php": ">=5.3.7,<5.7.0"
    },
    "platform-dev": []
}
