{
    "_readme": [
        "This file locks the dependencies of your project to a known state",
        "Read more about it at https://getcomposer.org/doc/01-basic-usage.md#installing-dependencies",
        "This file is @generated automatically"
    ],
    "content-hash": "ac3a1db6b55742ec1d4182222a0620af",
    "packages": [
        {
            "name": "solarium/solarium",
            "version": "6.0.3",
            "source": {
                "type": "git",
                "url": "https://github.com/solariumphp/solarium.git",
                "reference": "80786c4e12db8062adac766b5f878ec652abe04e"
            },
            "dist": {
                "type": "zip",
                "url": "https://api.github.com/repos/solariumphp/solarium/zipball/80786c4e12db8062adac766b5f878ec652abe04e",
                "reference": "80786c4e12db8062adac766b5f878ec652abe04e",
                "shasum": ""
            },
            "require": {
                "ext-json": "*",
                "php": "^7.2",
                "psr/event-dispatcher": "^1.0",
                "psr/http-client": "^1.0",
                "psr/http-factory": "^1.0",
                "symfony/event-dispatcher-contracts": "^1.0 || ^2.0"
            },
            "require-dev": {
                "escapestudios/symfony2-coding-standard": "^3.11",
                "guzzlehttp/guzzle": "^6.5",
                "nyholm/psr7": "^1.2",
                "php-http/guzzle6-adapter": "^2.0",
                "phpstan/extension-installer": "^1.0",
                "phpstan/phpstan": "^0.12",
                "phpstan/phpstan-phpunit": "^0.12",
                "phpunit/phpunit": "^8.0",
                "roave/security-advisories": "dev-master",
                "symfony/event-dispatcher": "^4.3 || ^5.0"
            },
            "type": "library",
            "autoload": {
                "psr-4": {
                    "Solarium\\": "src/"
                }
            },
            "notification-url": "https://packagist.org/downloads/",
            "license": [
                "BSD-3-Clause"
            ],
            "authors": [
                {
                    "name": "See GitHub contributors",
                    "homepage": "https://github.com/solariumphp/solarium/contributors"
                }
            ],
            "description": "PHP Solr client",
            "homepage": "http://www.solarium-project.org",
            "keywords": [
                "php",
                "search",
                "solr"
            ],
            "support": {
                "issues": "https://github.com/solariumphp/solarium/issues",
                "source": "https://github.com/solariumphp/solarium/tree/6.0.3"
            },
            "time": "2020-10-14T09:59:29+00:00"
        }
    ],
    "packages-dev": [],
    "aliases": [],
    "minimum-stability": "stable",
    "stability-flags": [],
    "prefer-stable": false,
    "prefer-lowest": false,
    "platform": [],
    "platform-dev": [],
    "platform-overrides": {
        "php": "7.2"
    },
    "plugin-api-version": "2.1.0"
}
